
Microsoft Visual Studio Solution File, Format Version 12.00
# Visual Studio Version 16
VisualStudioVersion = 16.0.36631.11
MinimumVisualStudioVersion = 10.0.40219.1
Project("{FAE04EC0-301F-11D3-BF4B-00C04F79EFBC}") = "Web", "Web\Web.csproj", "{1867CB57-B6DE-487D-B50B-DBBE95E56E3A}"
EndProject
Project("{FAE04EC0-301F-11D3-BF4B-00C04F79EFBC}") = "Core", "Core\Core.csproj", "{EB192D43-1F3E-4B0E-B0DD-8CB022421BEA}"
EndProject
Project("{FAE04EC0-301F-11D3-BF4B-00C04F79EFBC}") = "Infrastructure", "Infrastructure\Infrastructure.csproj", "{92C467D3-8D92-4F4B-861D-E00B471C64B7}"
EndProject
Global
	GlobalSection(SolutionConfigurationPlatforms) = preSolution
		Debug|Any CPU = Debug|Any CPU
		Release|Any CPU = Release|Any CPU
	EndGlobalSection
	GlobalSection(ProjectConfigurationPlatforms) = postSolution
		{1867CB57-B6DE-487D-B50B-DBBE95E56E3A}.Debug|Any CPU.ActiveCfg = Debug|Any CPU
		{1867CB57-B6DE-487D-B50B-DBBE95E56E3A}.Debug|Any CPU.Build.0 = Debug|Any CPU
		{1867CB57-B6DE-487D-B50B-DBBE95E56E3A}.Release|Any CPU.ActiveCfg = Release|Any CPU
		{1867CB57-B6DE-487D-B50B-DBBE95E56E3A}.Release|Any CPU.Build.0 = Release|Any CPU
		{EB192D43-1F3E-4B0E-B0DD-8CB022421BEA}.Debug|Any CPU.ActiveCfg = Debug|Any CPU
		{EB192D43-1F3E-4B0E-B0DD-8CB022421BEA}.Debug|Any CPU.Build.0 = Debug|Any CPU
		{EB192D43-1F3E-4B0E-B0DD-8CB022421BEA}.Release|Any CPU.ActiveCfg = Release|Any CPU
		{EB192D43-1F3E-4B0E-B0DD-8CB022421BEA}.Release|Any CPU.Build.0 = Release|Any CPU
		{92C467D3-8D92-4F4B-861D-E00B471C64B7}.Debug|Any CPU.ActiveCfg = Debug|Any CPU
		{92C467D3-8D92-4F4B-861D-E00B471C64B7}.Debug|Any CPU.Build.0 = Debug|Any CPU
		{92C467D3-8D92-4F4B-861D-E00B471C64B7}.Release|Any CPU.ActiveCfg = Release|Any CPU
		{92C467D3-8D92-4F4B-861D-E00B471C64B7}.Release|Any CPU.Build.0 = Release|Any CPU
	EndGlobalSection
	GlobalSection(SolutionProperties) = preSolution
		HideSolutionNode = FALSE
	EndGlobalSection
	GlobalSection(ExtensibilityGlobals) = postSolution
		SolutionGuid = {8F5174C6-7E5C-4A3D-8824-E9C29F4889DA}
	EndGlobalSection
EndGlobal
